{
  "version": 4,
  "terraform_version": "1.10.5",
  "serial": 39,
  "lineage": "b993c375-8950-153c-791a-a7c7703f1fdc",
  "outputs": {
    "pem": {
      "value": "-----BEGIN RSA PRIVATE KEY-----\nMIIEowIBAAKCAQEA5P3mW44n2DNSmpKkbmdZ4EVb3fRD5+fQDnDZtvjhmwBkGCMS\nRx3Mq/M+06JsD5MKGJRClURpJBVWvaMW9QgXLvDUlrdtyNgaaIMgVWpV4MRvkxIw\nUObO4eKx+fXr+3Nj+xFBL44A/Cg3weC6PhfD3+ZQQpFDRnFKVqvGltBcaRqzAIOS\nism/Awn4soOLFhjsisBBu/mFIAgKXfH8JhdEwkt4cjATizDE2J5xVdMnYtomQGi7\nKLoxVoWlwZdUfPuIfGMZeMh0UwrCyV4fNlY5JD8PKZ10JCeaIV/M5kmodXwXUUW4\nApa4EO/oSjcUJNrwvArj6Z5ccDSmsjwXL0bdtQIDAQABAoIBABHeZi1ayG0shBOf\nwckDs5W2k9acCvh7tFaMI9ENVr17qFPh2LlH8AKy9oIZOIl2leEZIKD5N6MjLyOZ\nKF9yhCybiltAcQatJlJleQ5xP8ZMTdCSKMcHW7lwsSaqNAHpHTIoRIfrctQ6Zy9v\n09iojhZYqIapQzCqAn0E5ng6RhvFXcCMGiJk1xVjmrZwjms81U5JuRdO2YL2gH+A\nYQstmCRBF6nCON2+Y9f3g46cXD3PGe9C6SawRaGqmsAjjafnMKs7n6KDHvbjn+42\nsRvzfq/UyONy0uFLnvWE0Ufje9aHrJNZITAq5yv8cCgpeDAPzUZf7fu6k4ILY3RL\nXdXcSXkCgYEA5h8Tn8b+DcvA/M+px/1/V5TojKIWuyYEwozShXYPgfNGwnG9SqfB\nizMaPLOlePOoE1aoR0DrmixIHnkJUFw4twRVcoA99Uavq6MsoVRSa/6804ID2IgS\npooERBbEhIJvBtIa6VjLd1Fh/IkUmNVouKcP+A2q8k9YTSzlmvb1ob8CgYEA/r5N\nrI7I6kV3oi3GZX8oUm0hhmUTtI+WYT8bocKexZ6Zluw6/PN9kAep36CuShu7DBZC\n/C9rdVQT29hoe366lHnw4Afr1iZbWYj6XGlX3jNAUd56jhaAEHfU78vHCAQYbCct\nyLD/cnZJu95JnCwa8zFAyQkTY+PYK3uV2l50tYsCgYAO8pvSuBlOihqqEU8k93lr\nFfgZEnpJg8mxXXZbRvTw6v2AqeSy0bzHrvUYVk78UU9smidqIXRsWk4A9Lm/J45j\njPuD6YKcyQ+mJX5DqHeGHlDjqEFZslULzlFCnvv644IUvlcTKzpkMLwdrEXTO6GG\nxQtLgI/HF5JTyQPNEheYfwKBgQD07L27shDkhePvTzmYbnizP2/jSp12ljOMzmNf\n1MJY2RNs8zYH7IgGCgg/FbtdT2o4xdKjq2gTB8KMNnbGfeMgTFnW3GbYoEpmPHgS\nj8pGvloSHOkSYfnBW6Wk5PU49M8SdVzkv6DrSWW9NozpldJXjjxuzcYR3YgCzrEW\nooht3wKBgBZ1jDiHstMFBETpC9ZzixTKJtVwgW0nELW1Gcw8u+T6fk4VaAsyvaeX\n9W5mYkrNGGP7Q6GXoUEHSHl2TBIY+Q+f6R0mWaX8S82jJyaqY4TU++v3iW4JKeHN\nhx2h1PQbW6jibfTpTsK6r7S+sED1xExD3N4lCIiC9dx2vZjkiOul\n-----END RSA PRIVATE KEY-----\n",
      "type": "string",
      "sensitive": true
    }
  },
  "resources": [
    {
      "mode": "data",
      "type": "aws_eks_cluster",
      "name": "default",
      "provider": "provider[\"registry.terraform.io/hashicorp/aws\"]",
      "instances": [
        {
          "schema_version": 0,
          "attributes": {
            "access_config": [
              {
                "authentication_mode": "CONFIG_MAP",
                "bootstrap_cluster_creator_admin_permissions": true
              }
            ],
            "arn": "arn:aws:eks:us-east-1:717279688908:cluster/restaurante-cluster2",
            "certificate_authority": [
              {
                "data": "LS0tLS1CRUdJTiBDRVJUSUZJQ0FURS0tLS0tCk1JSURCVENDQWUyZ0F3SUJBZ0lJTnFDLytuRGJJeWd3RFFZSktvWklodmNOQVFFTEJRQXdGVEVUTUJFR0ExVUUKQXhNS2EzVmlaWEp1WlhSbGN6QWVGdzB5TlRBeU1Ea3hORE0zTURGYUZ3MHpOVEF5TURjeE5EUXlNREZhTUJVeApFekFSQmdOVkJBTVRDbXQxWW1WeWJtVjBaWE13Z2dFaU1BMEdDU3FHU0liM0RRRUJBUVVBQTRJQkR3QXdnZ0VLCkFvSUJBUURNenR1VUMyUDB5SUo1MVpDMEU1bm5xdTVvRDlaQVRnRElmWm1PR3BXV09hbjI1cmpISHkzV3ZDNHYKSGdjWE96c3JLcWYvSC9uYkpBSDErMFNEN0xaUEpZbjJ5Slk3V25ybmpwSlhhQyt6L2tSeFJFeHRrWkhGaTRQMQorNllJNlRCRXlMUjFPNlpyMlZyZ2ZnRjN4L3k0WFFLQ25lbWN2T3N3dUFzMHpvYlVXN00vTkJja3FPSHdGK1MzCkdKUHBocStHaThQT2haUFBTaEVsaHVWSHU2a01kYlR2UHFkZ2JjZXcvcXJqWGl4RUV1SlhHQ0VoQVdBVEQxT0YKbDkra3JzaFhyNzFScXlRR2dDWnB3MnBiN3BTTTI3MTM2N3RXNktCQlBkRHBkdmtpTUxCSUJHY1E5L0NVcHl2aAo1ekJ0amRTTGFOaml2MHBIUTVTeFlWR0hFN3U5QWdNQkFBR2pXVEJYTUE0R0ExVWREd0VCL3dRRUF3SUNwREFQCkJnTlZIUk1CQWY4RUJUQURBUUgvTUIwR0ExVWREZ1FXQkJRQzYxdnhvajcvM2ZxZTROZ3JUMHhkeDlrZ0d6QVYKQmdOVkhSRUVEakFNZ2dwcmRXSmxjbTVsZEdWek1BMEdDU3FHU0liM0RRRUJDd1VBQTRJQkFRQVlwcEVrZFJDbgpqdWgxQmlJNzVmdUc2anpsUXJ2dEFhaUJzTlZYamwyd2p0UFZsMHkrQXhQc3hmOGw5ajZoUmw3ajVISVpEN2g1CmpyaWwydzNsWm14YmZEc0NpRlNha0tpTGtHZk9FM2pVcU41NEZVbXkwZGp6NkFpRTFNVTMwYXhISEhFaDdsMDEKeGNNWVIrNENuTlVaRUJiMTJrcVN3Z0NvdlhtRitEM3c2b21FdkdKaEtTV1BNTDJuVWdUT1RqbkRTY1k3T0h5RApjTkFkSHkyTzU0TlIrSXEzMXdUek9SVmRvQ3V1UTZTM1lTL05IMEJkZXdTMkNQQnF5UWdvWjFMZVM4UkhJUGJ5Ci9ITFhPRXd4c1lZa2hnT0d5UHl3dFNWNG5nOFJOTmZQcXBoVEFEUzdqRHR0cnpSZHJIdXJ4eEk4REFWZjJrTFUKMWVlUnZjK2hwR0d0Ci0tLS0tRU5EIENFUlRJRklDQVRFLS0tLS0K"
              }
            ],
            "cluster_id": null,
            "compute_config": [],
            "created_at": "2025-02-09T14:36:42Z",
            "enabled_cluster_log_types": [
              "api",
              "audit",
              "authenticator",
              "controllerManager",
              "scheduler"
            ],
            "endpoint": "https://EA88FF59BFD9AD35E500CAB794F57F4B.gr7.us-east-1.eks.amazonaws.com",
            "id": "restaurante-cluster2",
            "identity": [
              {
                "oidc": [
                  {
                    "issuer": "https://oidc.eks.us-east-1.amazonaws.com/id/EA88FF59BFD9AD35E500CAB794F57F4B"
                  }
                ]
              }
            ],
            "kubernetes_network_config": [
              {
                "elastic_load_balancing": [
                  {
                    "enabled": false
                  }
                ],
                "ip_family": "ipv4",
                "service_ipv4_cidr": "10.100.0.0/16",
                "service_ipv6_cidr": ""
              }
            ],
            "name": "restaurante-cluster2",
            "outpost_config": [],
            "platform_version": "eks.18",
            "remote_network_config": [],
            "role_arn": "arn:aws:iam::717279688908:role/eks-node-role",
            "status": "ACTIVE",
            "storage_config": [],
            "tags": {},
            "upgrade_policy": [
              {
                "support_type": "EXTENDED"
              }
            ],
            "version": "1.31",
            "vpc_config": [
              {
                "cluster_security_group_id": "sg-0695bd7c8b5bf5db9",
                "endpoint_private_access": true,
                "endpoint_public_access": true,
                "public_access_cidrs": [
                  "0.0.0.0/0"
                ],
                "security_group_ids": [
                  "sg-0830d0835664b37f3"
                ],
                "subnet_ids": [
                  "subnet-02e5a2960cbaf6259",
                  "subnet-0ba1d16a81898b46b"
                ],
                "vpc_id": "vpc-0bb3319f6293b884b"
              }
            ],
            "zonal_shift_config": []
          },
          "sensitive_attributes": []
        }
      ]
    },
    {
      "mode": "data",
      "type": "aws_eks_cluster_auth",
      "name": "default",
      "provider": "provider[\"registry.terraform.io/hashicorp/aws\"]",
      "instances": [
        {
          "schema_version": 0,
          "attributes": {
            "id": "restaurante-cluster2",
            "name": "restaurante-cluster2",
            "token": "k8s-aws-v1.aHR0cHM6Ly9zdHMudXMtZWFzdC0xLmFtYXpvbmF3cy5jb20vP0FjdGlvbj1HZXRDYWxsZXJJZGVudGl0eSZWZXJzaW9uPTIwMTEtMDYtMTUmWC1BbXotQWxnb3JpdGhtPUFXUzQtSE1BQy1TSEEyNTYmWC1BbXotQ3JlZGVudGlhbD1BS0lBMk9BSlRQREdLTUxDUjMyVCUyRjIwMjUwMjA5JTJGdXMtZWFzdC0xJTJGc3RzJTJGYXdzNF9yZXF1ZXN0JlgtQW16LURhdGU9MjAyNTAyMDlUMTYxNTQ3WiZYLUFtei1FeHBpcmVzPTAmWC1BbXotU2lnbmVkSGVhZGVycz1ob3N0JTNCeC1rOHMtYXdzLWlkJlgtQW16LVNpZ25hdHVyZT03YTZmODMzNDYyNGQ2MmRiYTkyYWEyZDRjNjgwZTVkMWMzNzgyYzFkOTIwOWY0MmVmODM5YTNmZDg1ZjVjODlh"
          },
          "sensitive_attributes": [
            [
              {
                "type": "get_attr",
                "value": "token"
              }
            ]
          ]
        }
      ]
    },
    {
      "mode": "managed",
      "type": "aws_db_instance",
      "name": "mysql_rds_pagamento",
      "provider": "provider[\"registry.terraform.io/hashicorp/aws\"]",
      "instances": [
        {
          "schema_version": 2,
          "attributes": {
            "address": "pagamento-mysql.cvyga2i021ho.us-east-1.rds.amazonaws.com",
            "allocated_storage": 20,
            "allow_major_version_upgrade": null,
            "apply_immediately": false,
            "arn": "arn:aws:rds:us-east-1:717279688908:db:pagamento-mysql",
            "auto_minor_version_upgrade": true,
            "availability_zone": "us-east-1f",
            "backup_retention_period": 0,
            "backup_target": "region",
            "backup_window": "03:50-04:20",
            "blue_green_update": [],
            "ca_cert_identifier": "rds-ca-rsa2048-g1",
            "character_set_name": "",
            "copy_tags_to_snapshot": false,
            "custom_iam_instance_profile": "",
            "customer_owned_ip_enabled": false,
            "db_name": "pagamento_db",
            "db_subnet_group_name": "my-rds-subnet-group-ms-pagamento",
            "dedicated_log_volume": false,
            "delete_automated_backups": true,
            "deletion_protection": false,
            "domain": "",
            "domain_auth_secret_arn": "",
            "domain_dns_ips": [],
            "domain_fqdn": "",
            "domain_iam_role_name": "",
            "domain_ou": "",
            "enabled_cloudwatch_logs_exports": [],
            "endpoint": "pagamento-mysql.cvyga2i021ho.us-east-1.rds.amazonaws.com:3306",
            "engine": "mysql",
            "engine_lifecycle_support": "open-source-rds-extended-support",
            "engine_version": "8.0",
            "engine_version_actual": "8.0.40",
            "final_snapshot_identifier": null,
            "hosted_zone_id": "Z2R2ITUGPM61AM",
            "iam_database_authentication_enabled": false,
            "id": "db-ARHQCGKKBEKDKBLU2AYVHVNICU",
            "identifier": "pagamento-mysql",
            "identifier_prefix": "",
            "instance_class": "db.t3.micro",
            "iops": 0,
            "kms_key_id": "",
            "latest_restorable_time": "",
            "license_model": "general-public-license",
            "listener_endpoint": [],
            "maintenance_window": "fri:05:15-fri:05:45",
            "manage_master_user_password": null,
            "master_user_secret": [],
            "master_user_secret_kms_key_id": null,
            "max_allocated_storage": 0,
            "monitoring_interval": 0,
            "monitoring_role_arn": "",
            "multi_az": false,
            "nchar_character_set_name": "",
            "network_type": "IPV4",
            "option_group_name": "default:mysql-8-0",
            "parameter_group_name": "default.mysql8.0",
            "password": "pagamento_user_pass",
            "performance_insights_enabled": false,
            "performance_insights_kms_key_id": "",
            "performance_insights_retention_period": 0,
            "port": 3306,
            "publicly_accessible": false,
            "replica_mode": "",
            "replicas": [],
            "replicate_source_db": "",
            "resource_id": "db-ARHQCGKKBEKDKBLU2AYVHVNICU",
            "restore_to_point_in_time": [],
            "s3_import": [],
            "skip_final_snapshot": true,
            "snapshot_identifier": null,
            "status": "available",
            "storage_encrypted": false,
            "storage_throughput": 0,
            "storage_type": "gp2",
            "tags": {},
            "tags_all": {},
            "timeouts": null,
            "timezone": "",
            "upgrade_storage_config": null,
            "username": "pagamento_user",
            "vpc_security_group_ids": [
              "sg-036bb548aa894edd3"
            ]
          },
          "sensitive_attributes": [
            [
              {
                "type": "get_attr",
                "value": "password"
              }
            ]
          ],
          "private": "eyJlMmJmYjczMC1lY2FhLTExZTYtOGY4OC0zNDM2M2JjN2M0YzAiOnsiY3JlYXRlIjozMDAwMDAwMDAwMDAwLCJkZWxldGUiOjM2MDAwMDAwMDAwMDAsInVwZGF0ZSI6NDgwMDAwMDAwMDAwMH0sInNjaGVtYV92ZXJzaW9uIjoiMiJ9",
          "dependencies": [
            "aws_db_subnet_group.rds_subnet_group",
            "aws_security_group.rds_sg"
          ]
        }
      ]
    },
    {
      "mode": "managed",
      "type": "aws_db_subnet_group",
      "name": "rds_subnet_group",
      "provider": "provider[\"registry.terraform.io/hashicorp/aws\"]",
      "instances": [
        {
          "schema_version": 0,
          "attributes": {
            "arn": "arn:aws:rds:us-east-1:717279688908:subgrp:my-rds-subnet-group-ms-pagamento",
            "description": "Managed by Terraform",
            "id": "my-rds-subnet-group-ms-pagamento",
            "name": "my-rds-subnet-group-ms-pagamento",
            "name_prefix": "",
            "subnet_ids": [
              "subnet-02e5a2960cbaf6259",
              "subnet-057aa3ff60937097d",
              "subnet-0ba1d16a81898b46b"
            ],
            "supported_network_types": [
              "IPV4"
            ],
            "tags": {
              "Name": "My RDS Subnet Group"
            },
            "tags_all": {
              "Name": "My RDS Subnet Group"
            },
            "vpc_id": "vpc-0bb3319f6293b884b"
          },
          "sensitive_attributes": [],
          "private": "bnVsbA=="
        }
      ]
    },
    {
      "mode": "managed",
      "type": "aws_iam_policy",
      "name": "db_pagamento_mysql_access_policy",
      "provider": "provider[\"registry.terraform.io/hashicorp/aws\"]",
      "instances": [
        {
          "schema_version": 0,
          "attributes": {
            "arn": "arn:aws:iam::717279688908:policy/iam-policy-for-db-pagamento-mysql",
            "attachment_count": 1,
            "description": "IAM policy for RDS payment instance",
            "id": "arn:aws:iam::717279688908:policy/iam-policy-for-db-pagamento-mysql",
            "name": "iam-policy-for-db-pagamento-mysql",
            "name_prefix": "",
            "path": "/",
            "policy": "{\"Statement\":[{\"Action\":[\"logs:CreateLogGroup\",\"logs:CreateLogStream\",\"logs:PutLogEvents\",\"rds:DescribeDBInstances\",\"rds:Connect\",\"cloudwatch:PutMetricData\"],\"Effect\":\"Allow\",\"Resource\":\"*\"}],\"Version\":\"2012-10-17\"}",
            "policy_id": "ANPA2OAJTPDGM364DSSK6",
            "tags": {},
            "tags_all": {}
          },
          "sensitive_attributes": [],
          "private": "bnVsbA=="
        }
      ]
    },
    {
      "mode": "managed",
      "type": "aws_iam_role",
      "name": "db_pagamento_mysql_access_role",
      "provider": "provider[\"registry.terraform.io/hashicorp/aws\"]",
      "instances": [
        {
          "schema_version": 0,
          "attributes": {
            "arn": "arn:aws:iam::717279688908:role/iam-role-for-db-pagamento-mysql",
            "assume_role_policy": "{\"Statement\":[{\"Action\":\"sts:AssumeRole\",\"Effect\":\"Allow\",\"Principal\":{\"Service\":\"rds.amazonaws.com\"}}],\"Version\":\"2012-10-17\"}",
            "create_date": "2025-02-09T15:09:45Z",
            "description": "",
            "force_detach_policies": false,
            "id": "iam-role-for-db-pagamento-mysql",
            "inline_policy": [],
            "managed_policy_arns": [
              "arn:aws:iam::717279688908:policy/iam-policy-for-db-pagamento-mysql"
            ],
            "max_session_duration": 3600,
            "name": "iam-role-for-db-pagamento-mysql",
            "name_prefix": "",
            "path": "/",
            "permissions_boundary": "",
            "tags": {},
            "tags_all": {},
            "unique_id": "AROA2OAJTPDGGWESK3ANL"
          },
          "sensitive_attributes": [],
          "private": "bnVsbA=="
        }
      ]
    },
    {
      "mode": "managed",
      "type": "aws_iam_role_policy_attachment",
      "name": "db_pagamento_mysql_access_policy_attachment",
      "provider": "provider[\"registry.terraform.io/hashicorp/aws\"]",
      "instances": [
        {
          "schema_version": 0,
          "attributes": {
            "id": "iam-role-for-db-pagamento-mysql-20250209150946858700000003",
            "policy_arn": "arn:aws:iam::717279688908:policy/iam-policy-for-db-pagamento-mysql",
            "role": "iam-role-for-db-pagamento-mysql"
          },
          "sensitive_attributes": [],
          "private": "bnVsbA==",
          "dependencies": [
            "aws_iam_policy.db_pagamento_mysql_access_policy",
            "aws_iam_role.db_pagamento_mysql_access_role"
          ]
        }
      ]
    },
    {
      "mode": "managed",
      "type": "aws_instance",
      "name": "db_client_pagamento",
      "provider": "provider[\"registry.terraform.io/hashicorp/aws\"]",
      "instances": [
        {
          "schema_version": 1,
          "attributes": {
            "ami": "ami-0ebfd941bbafe70c6",
            "arn": "arn:aws:ec2:us-east-1:717279688908:instance/i-038a0b7f72214af08",
            "associate_public_ip_address": true,
            "availability_zone": "us-east-1a",
            "capacity_reservation_specification": [
              {
                "capacity_reservation_preference": "open",
                "capacity_reservation_target": []
              }
            ],
            "cpu_core_count": 1,
            "cpu_options": [
              {
                "amd_sev_snp": "",
                "core_count": 1,
                "threads_per_core": 1
              }
            ],
            "cpu_threads_per_core": 1,
            "credit_specification": [
              {
                "cpu_credits": "standard"
              }
            ],
            "disable_api_stop": false,
            "disable_api_termination": false,
            "ebs_block_device": [],
            "ebs_optimized": false,
            "enable_primary_ipv6": null,
            "enclave_options": [
              {
                "enabled": false
              }
            ],
            "ephemeral_block_device": [],
            "get_password_data": false,
            "hibernation": false,
            "host_id": "",
            "host_resource_group_arn": null,
            "iam_instance_profile": "",
            "id": "i-038a0b7f72214af08",
            "instance_initiated_shutdown_behavior": "stop",
            "instance_lifecycle": "",
            "instance_market_options": [],
            "instance_state": "running",
            "instance_type": "t2.micro",
            "ipv6_address_count": 0,
            "ipv6_addresses": [],
            "key_name": "chave-fiap-ms-pagamento",
            "launch_template": [],
            "maintenance_options": [
              {
                "auto_recovery": "default"
              }
            ],
            "metadata_options": [
              {
                "http_endpoint": "enabled",
                "http_protocol_ipv6": "disabled",
                "http_put_response_hop_limit": 2,
                "http_tokens": "required",
                "instance_metadata_tags": "disabled"
              }
            ],
            "monitoring": false,
            "network_interface": [],
            "outpost_arn": "",
            "password_data": "",
            "placement_group": "",
            "placement_partition_number": 0,
            "primary_network_interface_id": "eni-0cf425ba61317cf0c",
            "private_dns": "ip-172-31-92-98.ec2.internal",
            "private_dns_name_options": [
              {
                "enable_resource_name_dns_a_record": false,
                "enable_resource_name_dns_aaaa_record": false,
                "hostname_type": "ip-name"
              }
            ],
            "private_ip": "172.31.92.98",
            "public_dns": "ec2-3-95-34-108.compute-1.amazonaws.com",
            "public_ip": "3.95.34.108",
            "root_block_device": [
              {
                "delete_on_termination": true,
                "device_name": "/dev/xvda",
                "encrypted": false,
                "iops": 3000,
                "kms_key_id": "",
                "tags": {},
                "tags_all": {},
                "throughput": 125,
                "volume_id": "vol-0c9089db4a65c21bd",
                "volume_size": 8,
                "volume_type": "gp3"
              }
            ],
            "secondary_private_ips": [],
            "security_groups": [
              "ssh_cluster_ms_pagamento"
            ],
            "source_dest_check": true,
            "spot_instance_request_id": "",
            "subnet_id": "subnet-0ba1d16a81898b46b",
            "tags": {},
            "tags_all": {},
            "tenancy": "default",
            "timeouts": null,
            "user_data": null,
            "user_data_base64": null,
            "user_data_replace_on_change": false,
            "volume_tags": null,
            "vpc_security_group_ids": [
              "sg-018a3f25670587bd8"
            ]
          },
          "sensitive_attributes": [],
          "private": "eyJlMmJmYjczMC1lY2FhLTExZTYtOGY4OC0zNDM2M2JjN2M0YzAiOnsiY3JlYXRlIjo2MDAwMDAwMDAwMDAsImRlbGV0ZSI6MTIwMDAwMDAwMDAwMCwicmVhZCI6OTAwMDAwMDAwMDAwLCJ1cGRhdGUiOjYwMDAwMDAwMDAwMH0sInNjaGVtYV92ZXJzaW9uIjoiMSJ9",
          "dependencies": [
            "aws_db_instance.mysql_rds_pagamento",
            "aws_db_subnet_group.rds_subnet_group",
            "aws_key_pair.generated_key",
            "aws_security_group.rds_sg",
            "aws_security_group.ssh_cluster_ms_pagamento",
            "tls_private_key.tls_private"
          ]
        }
      ]
    },
    {
      "mode": "managed",
      "type": "aws_key_pair",
      "name": "generated_key",
      "provider": "provider[\"registry.terraform.io/hashicorp/aws\"]",
      "instances": [
        {
          "schema_version": 1,
          "attributes": {
            "arn": "arn:aws:ec2:us-east-1:717279688908:key-pair/chave-fiap-ms-pagamento",
            "fingerprint": "00:95:8d:f6:70:4a:a2:3a:69:92:e8:89:99:c9:97:e2",
            "id": "chave-fiap-ms-pagamento",
            "key_name": "chave-fiap-ms-pagamento",
            "key_name_prefix": "",
            "key_pair_id": "key-0e6b738460da4fe31",
            "key_type": "rsa",
            "public_key": "ssh-rsa AAAAB3NzaC1yc2EAAAADAQABAAABAQDk/eZbjifYM1KakqRuZ1ngRVvd9EPn59AOcNm2+OGbAGQYIxJHHcyr8z7TomwPkwoYlEKVRGkkFVa9oxb1CBcu8NSWt23I2BpogyBValXgxG+TEjBQ5s7h4rH59ev7c2P7EUEvjgD8KDfB4Lo+F8Pf5lBCkUNGcUpWq8aW0FxpGrMAg5KKyb8DCfiyg4sWGOyKwEG7+YUgCApd8fwmF0TCS3hyMBOLMMTYnnFV0ydi2iZAaLsoujFWhaXBl1R8+4h8Yxl4yHRTCsLJXh82VjkkPw8pnXQkJ5ohX8zmSah1fBdRRbgClrgQ7+hKNxQk2vC8CuPpnlxwNKayPBcvRt21",
            "tags": {},
            "tags_all": {}
          },
          "sensitive_attributes": [],
          "private": "eyJzY2hlbWFfdmVyc2lvbiI6IjEifQ==",
          "dependencies": [
            "tls_private_key.tls_private"
          ]
        }
      ]
    },
    {
      "mode": "managed",
      "type": "aws_secretsmanager_secret",
      "name": "pagamento",
      "provider": "provider[\"registry.terraform.io/hashicorp/aws\"]",
      "instances": [
        {
          "schema_version": 0,
          "attributes": {
            "arn": "arn:aws:secretsmanager:us-east-1:717279688908:secret:keypair-ms-pagamento-v1-H45jAq",
            "description": "",
            "force_overwrite_replica_secret": false,
            "id": "arn:aws:secretsmanager:us-east-1:717279688908:secret:keypair-ms-pagamento-v1-H45jAq",
            "kms_key_id": "",
            "name": "keypair-ms-pagamento-v1",
            "name_prefix": "",
            "policy": "",
            "recovery_window_in_days": 30,
            "replica": [],
            "tags": {},
            "tags_all": {}
          },
          "sensitive_attributes": [],
          "private": "bnVsbA=="
        }
      ]
    },
    {
      "mode": "managed",
      "type": "aws_secretsmanager_secret_version",
      "name": "pagamento",
      "provider": "provider[\"registry.terraform.io/hashicorp/aws\"]",
      "instances": [
        {
          "schema_version": 0,
          "attributes": {
            "arn": "arn:aws:secretsmanager:us-east-1:717279688908:secret:keypair-ms-pagamento-v1-H45jAq",
            "id": "arn:aws:secretsmanager:us-east-1:717279688908:secret:keypair-ms-pagamento-v1-H45jAq|terraform-20250209150946545000000002",
            "secret_binary": "",
            "secret_id": "arn:aws:secretsmanager:us-east-1:717279688908:secret:keypair-ms-pagamento-v1-H45jAq",
            "secret_string": "{\"KeyName\":\"chave-fiap-ms-pagamento\",\"PEM\":\"-----BEGIN RSA PRIVATE KEY-----\\nMIIEowIBAAKCAQEA5P3mW44n2DNSmpKkbmdZ4EVb3fRD5+fQDnDZtvjhmwBkGCMS\\nRx3Mq/M+06JsD5MKGJRClURpJBVWvaMW9QgXLvDUlrdtyNgaaIMgVWpV4MRvkxIw\\nUObO4eKx+fXr+3Nj+xFBL44A/Cg3weC6PhfD3+ZQQpFDRnFKVqvGltBcaRqzAIOS\\nism/Awn4soOLFhjsisBBu/mFIAgKXfH8JhdEwkt4cjATizDE2J5xVdMnYtomQGi7\\nKLoxVoWlwZdUfPuIfGMZeMh0UwrCyV4fNlY5JD8PKZ10JCeaIV/M5kmodXwXUUW4\\nApa4EO/oSjcUJNrwvArj6Z5ccDSmsjwXL0bdtQIDAQABAoIBABHeZi1ayG0shBOf\\nwckDs5W2k9acCvh7tFaMI9ENVr17qFPh2LlH8AKy9oIZOIl2leEZIKD5N6MjLyOZ\\nKF9yhCybiltAcQatJlJleQ5xP8ZMTdCSKMcHW7lwsSaqNAHpHTIoRIfrctQ6Zy9v\\n09iojhZYqIapQzCqAn0E5ng6RhvFXcCMGiJk1xVjmrZwjms81U5JuRdO2YL2gH+A\\nYQstmCRBF6nCON2+Y9f3g46cXD3PGe9C6SawRaGqmsAjjafnMKs7n6KDHvbjn+42\\nsRvzfq/UyONy0uFLnvWE0Ufje9aHrJNZITAq5yv8cCgpeDAPzUZf7fu6k4ILY3RL\\nXdXcSXkCgYEA5h8Tn8b+DcvA/M+px/1/V5TojKIWuyYEwozShXYPgfNGwnG9SqfB\\nizMaPLOlePOoE1aoR0DrmixIHnkJUFw4twRVcoA99Uavq6MsoVRSa/6804ID2IgS\\npooERBbEhIJvBtIa6VjLd1Fh/IkUmNVouKcP+A2q8k9YTSzlmvb1ob8CgYEA/r5N\\nrI7I6kV3oi3GZX8oUm0hhmUTtI+WYT8bocKexZ6Zluw6/PN9kAep36CuShu7DBZC\\n/C9rdVQT29hoe366lHnw4Afr1iZbWYj6XGlX3jNAUd56jhaAEHfU78vHCAQYbCct\\nyLD/cnZJu95JnCwa8zFAyQkTY+PYK3uV2l50tYsCgYAO8pvSuBlOihqqEU8k93lr\\nFfgZEnpJg8mxXXZbRvTw6v2AqeSy0bzHrvUYVk78UU9smidqIXRsWk4A9Lm/J45j\\njPuD6YKcyQ+mJX5DqHeGHlDjqEFZslULzlFCnvv644IUvlcTKzpkMLwdrEXTO6GG\\nxQtLgI/HF5JTyQPNEheYfwKBgQD07L27shDkhePvTzmYbnizP2/jSp12ljOMzmNf\\n1MJY2RNs8zYH7IgGCgg/FbtdT2o4xdKjq2gTB8KMNnbGfeMgTFnW3GbYoEpmPHgS\\nj8pGvloSHOkSYfnBW6Wk5PU49M8SdVzkv6DrSWW9NozpldJXjjxuzcYR3YgCzrEW\\nooht3wKBgBZ1jDiHstMFBETpC9ZzixTKJtVwgW0nELW1Gcw8u+T6fk4VaAsyvaeX\\n9W5mYkrNGGP7Q6GXoUEHSHl2TBIY+Q+f6R0mWaX8S82jJyaqY4TU++v3iW4JKeHN\\nhx2h1PQbW6jibfTpTsK6r7S+sED1xExD3N4lCIiC9dx2vZjkiOul\\n-----END RSA PRIVATE KEY-----\\n\",\"RSAPUB\":\"ssh-rsa AAAAB3NzaC1yc2EAAAADAQABAAABAQDk/eZbjifYM1KakqRuZ1ngRVvd9EPn59AOcNm2+OGbAGQYIxJHHcyr8z7TomwPkwoYlEKVRGkkFVa9oxb1CBcu8NSWt23I2BpogyBValXgxG+TEjBQ5s7h4rH59ev7c2P7EUEvjgD8KDfB4Lo+F8Pf5lBCkUNGcUpWq8aW0FxpGrMAg5KKyb8DCfiyg4sWGOyKwEG7+YUgCApd8fwmF0TCS3hyMBOLMMTYnnFV0ydi2iZAaLsoujFWhaXBl1R8+4h8Yxl4yHRTCsLJXh82VjkkPw8pnXQkJ5ohX8zmSah1fBdRRbgClrgQ7+hKNxQk2vC8CuPpnlxwNKayPBcvRt21\\n\"}",
            "version_id": "terraform-20250209150946545000000002",
            "version_stages": [
              "AWSCURRENT"
            ]
          },
          "sensitive_attributes": [
            [
              {
                "type": "get_attr",
                "value": "secret_binary"
              }
            ],
            [
              {
                "type": "get_attr",
                "value": "secret_string"
              }
            ]
          ],
          "private": "bnVsbA==",
          "dependencies": [
            "aws_key_pair.generated_key",
            "aws_secretsmanager_secret.pagamento",
            "tls_private_key.tls_private"
          ]
        }
      ]
    },
    {
      "mode": "managed",
      "type": "aws_security_group",
      "name": "rds_sg",
      "provider": "provider[\"registry.terraform.io/hashicorp/aws\"]",
      "instances": [
        {
          "schema_version": 1,
          "attributes": {
            "arn": "arn:aws:ec2:us-east-1:717279688908:security-group/sg-036bb548aa894edd3",
            "description": "Security group for RDS",
            "egress": [
              {
                "cidr_blocks": [
                  "0.0.0.0/0"
                ],
                "description": "",
                "from_port": 0,
                "ipv6_cidr_blocks": [],
                "prefix_list_ids": [],
                "protocol": "-1",
                "security_groups": [],
                "self": false,
                "to_port": 0
              }
            ],
            "id": "sg-036bb548aa894edd3",
            "ingress": [
              {
                "cidr_blocks": [
                  "172.31.0.0/16"
                ],
                "description": "",
                "from_port": 3306,
                "ipv6_cidr_blocks": [],
                "prefix_list_ids": [],
                "protocol": "tcp",
                "security_groups": [],
                "self": false,
                "to_port": 3306
              }
            ],
            "name": "rds-security-group-ms-pagamento",
            "name_prefix": "",
            "owner_id": "717279688908",
            "revoke_rules_on_delete": false,
            "tags": {},
            "tags_all": {},
            "timeouts": null,
            "vpc_id": "vpc-0bb3319f6293b884b"
          },
          "sensitive_attributes": [],
          "private": "eyJlMmJmYjczMC1lY2FhLTExZTYtOGY4OC0zNDM2M2JjN2M0YzAiOnsiY3JlYXRlIjo2MDAwMDAwMDAwMDAsImRlbGV0ZSI6OTAwMDAwMDAwMDAwfSwic2NoZW1hX3ZlcnNpb24iOiIxIn0="
        }
      ]
    },
    {
      "mode": "managed",
      "type": "aws_security_group",
      "name": "ssh_cluster_ms_pagamento",
      "provider": "provider[\"registry.terraform.io/hashicorp/aws\"]",
      "instances": [
        {
          "schema_version": 1,
          "attributes": {
            "arn": "arn:aws:ec2:us-east-1:717279688908:security-group/sg-018a3f25670587bd8",
            "description": "Managed by Terraform",
            "egress": [
              {
                "cidr_blocks": [
                  "0.0.0.0/0"
                ],
                "description": "",
                "from_port": 0,
                "ipv6_cidr_blocks": [],
                "prefix_list_ids": [],
                "protocol": "-1",
                "security_groups": [],
                "self": false,
                "to_port": 0
              }
            ],
            "id": "sg-018a3f25670587bd8",
            "ingress": [
              {
                "cidr_blocks": [
                  "0.0.0.0/0"
                ],
                "description": "",
                "from_port": 22,
                "ipv6_cidr_blocks": [],
                "prefix_list_ids": [],
                "protocol": "tcp",
                "security_groups": [],
                "self": false,
                "to_port": 22
              },
              {
                "cidr_blocks": [
                  "0.0.0.0/0"
                ],
                "description": "",
                "from_port": 3306,
                "ipv6_cidr_blocks": [],
                "prefix_list_ids": [],
                "protocol": "tcp",
                "security_groups": [],
                "self": false,
                "to_port": 3306
              },
              {
                "cidr_blocks": [
                  "0.0.0.0/0"
                ],
                "description": "",
                "from_port": 443,
                "ipv6_cidr_blocks": [],
                "prefix_list_ids": [],
                "protocol": "tcp",
                "security_groups": [],
                "self": false,
                "to_port": 443
              },
              {
                "cidr_blocks": [
                  "0.0.0.0/0"
                ],
                "description": "",
                "from_port": 8080,
                "ipv6_cidr_blocks": [],
                "prefix_list_ids": [],
                "protocol": "tcp",
                "security_groups": [],
                "self": false,
                "to_port": 8080
              },
              {
                "cidr_blocks": [
                  "0.0.0.0/0"
                ],
                "description": "",
                "from_port": 80,
                "ipv6_cidr_blocks": [],
                "prefix_list_ids": [],
                "protocol": "tcp",
                "security_groups": [],
                "self": false,
                "to_port": 80
              }
            ],
            "name": "ssh_cluster_ms_pagamento",
            "name_prefix": "",
            "owner_id": "717279688908",
            "revoke_rules_on_delete": false,
            "tags": {},
            "tags_all": {},
            "timeouts": null,
            "vpc_id": "vpc-0bb3319f6293b884b"
          },
          "sensitive_attributes": [],
          "private": "eyJlMmJmYjczMC1lY2FhLTExZTYtOGY4OC0zNDM2M2JjN2M0YzAiOnsiY3JlYXRlIjo2MDAwMDAwMDAwMDAsImRlbGV0ZSI6OTAwMDAwMDAwMDAwfSwic2NoZW1hX3ZlcnNpb24iOiIxIn0="
        }
      ]
    },
    {
      "mode": "managed",
      "type": "aws_security_group_rule",
      "name": "rds_in",
      "provider": "provider[\"registry.terraform.io/hashicorp/aws\"]",
      "instances": [
        {
          "schema_version": 2,
          "attributes": {
            "cidr_blocks": [
              "172.31.0.0/16"
            ],
            "description": null,
            "from_port": 3306,
            "id": "sgrule-3041778184",
            "ipv6_cidr_blocks": null,
            "prefix_list_ids": null,
            "protocol": "tcp",
            "security_group_id": "sg-036bb548aa894edd3",
            "security_group_rule_id": "sgr-03cf45d77bcc5969f",
            "self": false,
            "source_security_group_id": null,
            "timeouts": null,
            "to_port": 3306,
            "type": "ingress"
          },
          "sensitive_attributes": [],
          "private": "eyJlMmJmYjczMC1lY2FhLTExZTYtOGY4OC0zNDM2M2JjN2M0YzAiOnsiY3JlYXRlIjozMDAwMDAwMDAwMDB9LCJzY2hlbWFfdmVyc2lvbiI6IjIifQ==",
          "dependencies": [
            "aws_security_group.rds_sg"
          ]
        }
      ]
    },
    {
      "mode": "managed",
      "type": "aws_security_group_rule",
      "name": "rds_out",
      "provider": "provider[\"registry.terraform.io/hashicorp/aws\"]",
      "instances": [
        {
          "schema_version": 2,
          "attributes": {
            "cidr_blocks": [
              "0.0.0.0/0"
            ],
            "description": null,
            "from_port": 0,
            "id": "sgrule-4260981473",
            "ipv6_cidr_blocks": null,
            "prefix_list_ids": null,
            "protocol": "-1",
            "security_group_id": "sg-036bb548aa894edd3",
            "security_group_rule_id": "sgr-03af7923b9e9eb29d",
            "self": false,
            "source_security_group_id": null,
            "timeouts": null,
            "to_port": 0,
            "type": "egress"
          },
          "sensitive_attributes": [],
          "private": "eyJlMmJmYjczMC1lY2FhLTExZTYtOGY4OC0zNDM2M2JjN2M0YzAiOnsiY3JlYXRlIjozMDAwMDAwMDAwMDB9LCJzY2hlbWFfdmVyc2lvbiI6IjIifQ==",
          "dependencies": [
            "aws_security_group.rds_sg"
          ]
        }
      ]
    },
    {
      "mode": "managed",
      "type": "aws_security_group_rule",
      "name": "ssh_cluster_ms_pagamento_http",
      "provider": "provider[\"registry.terraform.io/hashicorp/aws\"]",
      "instances": [
        {
          "schema_version": 2,
          "attributes": {
            "cidr_blocks": [
              "0.0.0.0/0"
            ],
            "description": null,
            "from_port": 8080,
            "id": "sgrule-3375475181",
            "ipv6_cidr_blocks": null,
            "prefix_list_ids": null,
            "protocol": "tcp",
            "security_group_id": "sg-018a3f25670587bd8",
            "security_group_rule_id": "sgr-0a13942eecd6f1c83",
            "self": false,
            "source_security_group_id": null,
            "timeouts": null,
            "to_port": 8080,
            "type": "ingress"
          },
          "sensitive_attributes": [],
          "private": "eyJlMmJmYjczMC1lY2FhLTExZTYtOGY4OC0zNDM2M2JjN2M0YzAiOnsiY3JlYXRlIjozMDAwMDAwMDAwMDB9LCJzY2hlbWFfdmVyc2lvbiI6IjIifQ==",
          "dependencies": [
            "aws_security_group.ssh_cluster_ms_pagamento"
          ]
        }
      ]
    },
    {
      "mode": "managed",
      "type": "aws_security_group_rule",
      "name": "ssh_cluster_ms_pagamento_http_80",
      "provider": "provider[\"registry.terraform.io/hashicorp/aws\"]",
      "instances": [
        {
          "schema_version": 2,
          "attributes": {
            "cidr_blocks": [
              "0.0.0.0/0"
            ],
            "description": null,
            "from_port": 80,
            "id": "sgrule-3169556617",
            "ipv6_cidr_blocks": null,
            "prefix_list_ids": null,
            "protocol": "tcp",
            "security_group_id": "sg-018a3f25670587bd8",
            "security_group_rule_id": "sgr-0eaec65e0bca7f334",
            "self": false,
            "source_security_group_id": null,
            "timeouts": null,
            "to_port": 80,
            "type": "ingress"
          },
          "sensitive_attributes": [],
          "private": "eyJlMmJmYjczMC1lY2FhLTExZTYtOGY4OC0zNDM2M2JjN2M0YzAiOnsiY3JlYXRlIjozMDAwMDAwMDAwMDB9LCJzY2hlbWFfdmVyc2lvbiI6IjIifQ==",
          "dependencies": [
            "aws_security_group.ssh_cluster_ms_pagamento"
          ]
        }
      ]
    },
    {
      "mode": "managed",
      "type": "aws_security_group_rule",
      "name": "ssh_cluster_ms_pagamento_https",
      "provider": "provider[\"registry.terraform.io/hashicorp/aws\"]",
      "instances": [
        {
          "schema_version": 2,
          "attributes": {
            "cidr_blocks": [
              "0.0.0.0/0"
            ],
            "description": null,
            "from_port": 443,
            "id": "sgrule-2998330989",
            "ipv6_cidr_blocks": null,
            "prefix_list_ids": null,
            "protocol": "tcp",
            "security_group_id": "sg-018a3f25670587bd8",
            "security_group_rule_id": "sgr-0be4f525c9845bd85",
            "self": false,
            "source_security_group_id": null,
            "timeouts": null,
            "to_port": 443,
            "type": "ingress"
          },
          "sensitive_attributes": [],
          "private": "eyJlMmJmYjczMC1lY2FhLTExZTYtOGY4OC0zNDM2M2JjN2M0YzAiOnsiY3JlYXRlIjozMDAwMDAwMDAwMDB9LCJzY2hlbWFfdmVyc2lvbiI6IjIifQ==",
          "dependencies": [
            "aws_security_group.ssh_cluster_ms_pagamento"
          ]
        }
      ]
    },
    {
      "mode": "managed",
      "type": "aws_security_group_rule",
      "name": "ssh_cluster_ms_pagamento_in",
      "provider": "provider[\"registry.terraform.io/hashicorp/aws\"]",
      "instances": [
        {
          "schema_version": 2,
          "attributes": {
            "cidr_blocks": [
              "0.0.0.0/0"
            ],
            "description": null,
            "from_port": 22,
            "id": "sgrule-174179644",
            "ipv6_cidr_blocks": null,
            "prefix_list_ids": null,
            "protocol": "tcp",
            "security_group_id": "sg-018a3f25670587bd8",
            "security_group_rule_id": "sgr-070c139fb17881927",
            "self": false,
            "source_security_group_id": null,
            "timeouts": null,
            "to_port": 22,
            "type": "ingress"
          },
          "sensitive_attributes": [],
          "private": "eyJlMmJmYjczMC1lY2FhLTExZTYtOGY4OC0zNDM2M2JjN2M0YzAiOnsiY3JlYXRlIjozMDAwMDAwMDAwMDB9LCJzY2hlbWFfdmVyc2lvbiI6IjIifQ==",
          "dependencies": [
            "aws_security_group.ssh_cluster_ms_pagamento"
          ]
        }
      ]
    },
    {
      "mode": "managed",
      "type": "aws_security_group_rule",
      "name": "ssh_cluster_ms_pagamento_out",
      "provider": "provider[\"registry.terraform.io/hashicorp/aws\"]",
      "instances": [
        {
          "schema_version": 2,
          "attributes": {
            "cidr_blocks": [
              "0.0.0.0/0"
            ],
            "description": null,
            "from_port": 0,
            "id": "sgrule-4105245476",
            "ipv6_cidr_blocks": null,
            "prefix_list_ids": null,
            "protocol": "-1",
            "security_group_id": "sg-018a3f25670587bd8",
            "security_group_rule_id": "sgr-0a24e896b74808b01",
            "self": false,
            "source_security_group_id": null,
            "timeouts": null,
            "to_port": 0,
            "type": "egress"
          },
          "sensitive_attributes": [],
          "private": "eyJlMmJmYjczMC1lY2FhLTExZTYtOGY4OC0zNDM2M2JjN2M0YzAiOnsiY3JlYXRlIjozMDAwMDAwMDAwMDB9LCJzY2hlbWFfdmVyc2lvbiI6IjIifQ==",
          "dependencies": [
            "aws_security_group.ssh_cluster_ms_pagamento"
          ]
        }
      ]
    },
    {
      "mode": "managed",
      "type": "aws_security_group_rule",
      "name": "ssh_cluster_ms_pagamento_rds",
      "provider": "provider[\"registry.terraform.io/hashicorp/aws\"]",
      "instances": [
        {
          "schema_version": 2,
          "attributes": {
            "cidr_blocks": [
              "0.0.0.0/0"
            ],
            "description": null,
            "from_port": 3306,
            "id": "sgrule-1181922747",
            "ipv6_cidr_blocks": null,
            "prefix_list_ids": null,
            "protocol": "tcp",
            "security_group_id": "sg-018a3f25670587bd8",
            "security_group_rule_id": "sgr-00e2330551b04b30f",
            "self": false,
            "source_security_group_id": null,
            "timeouts": null,
            "to_port": 3306,
            "type": "ingress"
          },
          "sensitive_attributes": [],
          "private": "eyJlMmJmYjczMC1lY2FhLTExZTYtOGY4OC0zNDM2M2JjN2M0YzAiOnsiY3JlYXRlIjozMDAwMDAwMDAwMDB9LCJzY2hlbWFfdmVyc2lvbiI6IjIifQ==",
          "dependencies": [
            "aws_security_group.ssh_cluster_ms_pagamento"
          ]
        }
      ]
    },
    {
      "mode": "managed",
      "type": "kubernetes_deployment",
      "name": "pagamento-api",
      "provider": "provider[\"registry.terraform.io/hashicorp/kubernetes\"]",
      "instances": [
        {
          "schema_version": 1,
          "attributes": {
            "id": "default/pagamento",
            "metadata": [
              {
                "annotations": null,
                "generate_name": "",
                "generation": 1,
                "labels": {
                  "app": "pagamento"
                },
                "name": "pagamento",
                "namespace": "default",
                "resource_version": "16899",
                "uid": "f9c6ef64-a779-4468-92f9-c74476a3523e"
              }
            ],
            "spec": [
              {
                "min_ready_seconds": 0,
                "paused": false,
                "progress_deadline_seconds": 600,
                "replicas": "2",
                "revision_history_limit": 10,
                "selector": [
                  {
                    "match_expressions": [],
                    "match_labels": {
                      "app": "pagamento"
                    }
                  }
                ],
                "strategy": [
                  {
                    "rolling_update": [
                      {
                        "max_surge": "25%",
                        "max_unavailable": "25%"
                      }
                    ],
                    "type": "RollingUpdate"
                  }
                ],
                "template": [
                  {
                    "metadata": [
                      {
                        "annotations": null,
                        "generate_name": "",
                        "generation": 0,
                        "labels": {
                          "app": "pagamento"
                        },
                        "name": "",
                        "namespace": "",
                        "resource_version": "",
                        "uid": ""
                      }
                    ],
                    "spec": [
                      {
                        "active_deadline_seconds": 0,
                        "affinity": [],
                        "automount_service_account_token": true,
                        "container": [
                          {
                            "args": null,
                            "command": null,
                            "env": [
                              {
                                "name": "RDS_ENDPOINT",
                                "value": "pagamento-mysql.cvyga2i021ho.us-east-1.rds.amazonaws.com:3306",
                                "value_from": []
                              }
                            ],
                            "env_from": [
                              {
                                "config_map_ref": [],
                                "prefix": "",
                                "secret_ref": [
                                  {
                                    "name": "db-pagamento-secret",
                                    "optional": false
                                  }
                                ]
                              }
                            ],
                            "image": "717279688908.dkr.ecr.us-east-1.amazonaws.com/repositorio:v10",
                            "image_pull_policy": "IfNotPresent",
                            "lifecycle": [],
                            "liveness_probe": [
                              {
                                "exec": [],
                                "failure_threshold": 3,
                                "grpc": [],
                                "http_get": [
                                  {
                                    "host": "",
                                    "http_header": [],
                                    "path": "/api/v1/actuator/health",
                                    "port": "8080",
                                    "scheme": "HTTP"
                                  }
                                ],
                                "initial_delay_seconds": 120,
                                "period_seconds": 10,
                                "success_threshold": 1,
                                "tcp_socket": [],
                                "timeout_seconds": 5
                              }
                            ],
                            "name": "pagamento",
                            "port": [
                              {
                                "container_port": 8080,
                                "host_ip": "",
                                "host_port": 0,
                                "name": "",
                                "protocol": "TCP"
                              }
                            ],
                            "readiness_probe": [],
                            "resources": [
                              {
                                "limits": {
                                  "cpu": "1",
                                  "memory": "1Gi"
                                },
                                "requests": {
                                  "cpu": "500m",
                                  "memory": "250Mi"
                                }
                              }
                            ],
                            "security_context": [],
                            "startup_probe": [],
                            "stdin": false,
                            "stdin_once": false,
                            "termination_message_path": "/dev/termination-log",
                            "termination_message_policy": "File",
                            "tty": false,
                            "volume_device": [],
                            "volume_mount": [],
                            "working_dir": ""
                          }
                        ],
                        "dns_config": [],
                        "dns_policy": "ClusterFirst",
                        "enable_service_links": true,
                        "host_aliases": [],
                        "host_ipc": false,
                        "host_network": false,
                        "host_pid": false,
                        "hostname": "",
                        "image_pull_secrets": [],
                        "init_container": [],
                        "node_name": "",
                        "node_selector": null,
                        "os": [],
                        "priority_class_name": "",
                        "readiness_gate": [],
                        "restart_policy": "Always",
                        "runtime_class_name": "",
                        "scheduler_name": "default-scheduler",
                        "security_context": [],
                        "service_account_name": "db-pagamento-mysql-service-account",
                        "share_process_namespace": false,
                        "subdomain": "",
                        "termination_grace_period_seconds": 30,
                        "toleration": [],
                        "topology_spread_constraint": [],
                        "volume": []
                      }
                    ]
                  }
                ]
              }
            ],
            "timeouts": null,
            "wait_for_rollout": true
          },
          "sensitive_attributes": [],
          "private": "eyJlMmJmYjczMC1lY2FhLTExZTYtOGY4OC0zNDM2M2JjN2M0YzAiOnsiY3JlYXRlIjo2MDAwMDAwMDAwMDAsImRlbGV0ZSI6NjAwMDAwMDAwMDAwLCJ1cGRhdGUiOjYwMDAwMDAwMDAwMH0sInNjaGVtYV92ZXJzaW9uIjoiMSJ9",
          "dependencies": [
            "aws_db_instance.mysql_rds_pagamento",
            "aws_db_subnet_group.rds_subnet_group",
            "aws_iam_role.db_pagamento_mysql_access_role",
            "aws_security_group.rds_sg",
            "data.aws_eks_cluster.default",
            "data.aws_eks_cluster_auth.default",
            "kubernetes_secret.db_pagamento_secret",
            "kubernetes_service_account.db_pagamento_mysql_service_account"
          ]
        }
      ]
    },
    {
      "mode": "managed",
      "type": "kubernetes_horizontal_pod_autoscaler",
      "name": "pagamento_hpa",
      "provider": "provider[\"registry.terraform.io/hashicorp/kubernetes\"]",
      "instances": [
        {
          "schema_version": 0,
          "attributes": {
            "id": "default/pagamento-hpa",
            "metadata": [
              {
                "annotations": null,
                "generate_name": "",
                "generation": 0,
                "labels": null,
                "name": "pagamento-hpa",
                "namespace": "default",
                "resource_version": "16903",
                "uid": "ebcb6e7b-3dc0-4393-aba1-0a33269fc686"
              }
            ],
            "spec": [
              {
                "behavior": [],
                "max_replicas": 10,
                "metric": [],
                "min_replicas": 1,
                "scale_target_ref": [
                  {
                    "api_version": "apps/v1",
                    "kind": "Deployment",
                    "name": "pagamento"
                  }
                ],
                "target_cpu_utilization_percentage": 70
              }
            ]
          },
          "sensitive_attributes": [],
          "private": "bnVsbA==",
          "dependencies": [
            "aws_db_instance.mysql_rds_pagamento",
            "aws_db_subnet_group.rds_subnet_group",
            "aws_iam_role.db_pagamento_mysql_access_role",
            "aws_security_group.rds_sg",
            "data.aws_eks_cluster.default",
            "data.aws_eks_cluster_auth.default",
            "kubernetes_deployment.pagamento-api",
            "kubernetes_secret.db_pagamento_secret",
            "kubernetes_service_account.db_pagamento_mysql_service_account"
          ]
        }
      ]
    },
    {
      "mode": "managed",
      "type": "kubernetes_secret",
      "name": "db_pagamento_secret",
      "provider": "provider[\"registry.terraform.io/hashicorp/kubernetes\"]",
      "instances": [
        {
          "schema_version": 0,
          "attributes": {
            "binary_data": null,
            "data": {
              "mysql_database": "cGFnYW1lbnRvX2Ri",
              "mysql_password": "cGFnYW1lbnRvX3VzZXJfcGFzcw==",
              "mysql_user": "cGFnYW1lbnRvX3VzZXI="
            },
            "id": "default/db-pagamento-secret",
            "immutable": false,
            "metadata": [
              {
                "annotations": {},
                "generate_name": "",
                "generation": 0,
                "labels": {},
                "name": "db-pagamento-secret",
                "namespace": "default",
                "resource_version": "5279",
                "uid": "3d2eb9cc-c139-477f-be4c-2eff2166cbe8"
              }
            ],
            "timeouts": null,
            "type": "Opaque",
            "wait_for_service_account_token": true
          },
          "sensitive_attributes": [
            [
              {
                "type": "get_attr",
                "value": "binary_data"
              }
            ],
            [
              {
                "type": "get_attr",
                "value": "data"
              }
            ]
          ],
          "private": "eyJlMmJmYjczMC1lY2FhLTExZTYtOGY4OC0zNDM2M2JjN2M0YzAiOnsiY3JlYXRlIjo2MDAwMDAwMDAwMH19",
          "dependencies": [
            "data.aws_eks_cluster.default",
            "data.aws_eks_cluster_auth.default"
          ]
        }
      ]
    },
    {
      "mode": "managed",
      "type": "kubernetes_service",
      "name": "pagamento_service",
      "provider": "provider[\"registry.terraform.io/hashicorp/kubernetes\"]",
      "instances": [
        {
          "schema_version": 1,
          "attributes": {
            "id": "default/pagamento-service",
            "metadata": [
              {
                "annotations": {},
                "generate_name": "",
                "generation": 0,
                "labels": {
                  "app": "pagamento"
                },
                "name": "pagamento-service",
                "namespace": "default",
                "resource_version": "5280",
                "uid": "6e32bd51-a623-4cad-8bdc-978a22edac30"
              }
            ],
            "spec": [
              {
                "allocate_load_balancer_node_ports": true,
                "cluster_ip": "10.100.78.0",
                "cluster_ips": [
                  "10.100.78.0"
                ],
                "external_ips": [],
                "external_name": "",
                "external_traffic_policy": "",
                "health_check_node_port": 0,
                "internal_traffic_policy": "Cluster",
                "ip_families": [
                  "IPv4"
                ],
                "ip_family_policy": "SingleStack",
                "load_balancer_class": "",
                "load_balancer_ip": "",
                "load_balancer_source_ranges": [],
                "port": [
                  {
                    "app_protocol": "",
                    "name": "",
                    "node_port": 0,
                    "port": 80,
                    "protocol": "TCP",
                    "target_port": "8080"
                  }
                ],
                "publish_not_ready_addresses": false,
                "selector": {
                  "app": "pagamento"
                },
                "session_affinity": "None",
                "session_affinity_config": [],
                "type": "ClusterIP"
              }
            ],
            "status": [
              {
                "load_balancer": [
                  {
                    "ingress": []
                  }
                ]
              }
            ],
            "timeouts": null,
            "wait_for_load_balancer": true
          },
          "sensitive_attributes": [],
          "private": "eyJlMmJmYjczMC1lY2FhLTExZTYtOGY4OC0zNDM2M2JjN2M0YzAiOnsiY3JlYXRlIjo2MDAwMDAwMDAwMDB9LCJzY2hlbWFfdmVyc2lvbiI6IjEifQ==",
          "dependencies": [
            "data.aws_eks_cluster.default",
            "data.aws_eks_cluster_auth.default"
          ]
        }
      ]
    },
    {
      "mode": "managed",
      "type": "kubernetes_service_account",
      "name": "db_pagamento_mysql_service_account",
      "provider": "provider[\"registry.terraform.io/hashicorp/kubernetes\"]",
      "instances": [
        {
          "schema_version": 0,
          "attributes": {
            "automount_service_account_token": true,
            "default_secret_name": "",
            "id": "default/db-pagamento-mysql-service-account",
            "image_pull_secret": [],
            "metadata": [
              {
                "annotations": {
                  "eks.amazonaws.com/role-arn": "arn:aws:iam::717279688908:role/iam-role-for-db-pagamento-mysql"
                },
                "generate_name": "",
                "generation": 0,
                "labels": {},
                "name": "db-pagamento-mysql-service-account",
                "namespace": "default",
                "resource_version": "5285",
                "uid": "bfc751e9-9467-4f83-9881-33f87170dfaa"
              }
            ],
            "secret": [],
            "timeouts": null
          },
          "sensitive_attributes": [],
          "private": "eyJlMmJmYjczMC1lY2FhLTExZTYtOGY4OC0zNDM2M2JjN2M0YzAiOnsiY3JlYXRlIjozMDAwMDAwMDAwMH19",
          "dependencies": [
            "aws_iam_role.db_pagamento_mysql_access_role",
            "data.aws_eks_cluster.default",
            "data.aws_eks_cluster_auth.default"
          ]
        }
      ]
    },
    {
      "mode": "managed",
      "type": "tls_private_key",
      "name": "tls_private",
      "provider": "provider[\"registry.terraform.io/hashicorp/tls\"]",
      "instances": [
        {
          "schema_version": 1,
          "attributes": {
            "algorithm": "RSA",
            "ecdsa_curve": "P384",
            "id": "f83a151dd96a6a1280f69287f0586eb40dab872b",
            "private_key_openssh": "-----BEGIN OPENSSH PRIVATE KEY-----\nb3BlbnNzaC1rZXktdjEAAAAABG5vbmUAAAAEbm9uZQAAAAAAAAABAAABFwAAAAdz\nc2gtcnNhAAAAAwEAAQAAAQEA5P3mW44n2DNSmpKkbmdZ4EVb3fRD5+fQDnDZtvjh\nmwBkGCMSRx3Mq/M+06JsD5MKGJRClURpJBVWvaMW9QgXLvDUlrdtyNgaaIMgVWpV\n4MRvkxIwUObO4eKx+fXr+3Nj+xFBL44A/Cg3weC6PhfD3+ZQQpFDRnFKVqvGltBc\naRqzAIOSism/Awn4soOLFhjsisBBu/mFIAgKXfH8JhdEwkt4cjATizDE2J5xVdMn\nYtomQGi7KLoxVoWlwZdUfPuIfGMZeMh0UwrCyV4fNlY5JD8PKZ10JCeaIV/M5kmo\ndXwXUUW4Apa4EO/oSjcUJNrwvArj6Z5ccDSmsjwXL0bdtQAAA7jURrhu1Ea4bgAA\nAAdzc2gtcnNhAAABAQDk/eZbjifYM1KakqRuZ1ngRVvd9EPn59AOcNm2+OGbAGQY\nIxJHHcyr8z7TomwPkwoYlEKVRGkkFVa9oxb1CBcu8NSWt23I2BpogyBValXgxG+T\nEjBQ5s7h4rH59ev7c2P7EUEvjgD8KDfB4Lo+F8Pf5lBCkUNGcUpWq8aW0FxpGrMA\ng5KKyb8DCfiyg4sWGOyKwEG7+YUgCApd8fwmF0TCS3hyMBOLMMTYnnFV0ydi2iZA\naLsoujFWhaXBl1R8+4h8Yxl4yHRTCsLJXh82VjkkPw8pnXQkJ5ohX8zmSah1fBdR\nRbgClrgQ7+hKNxQk2vC8CuPpnlxwNKayPBcvRt21AAAAAwEAAQAAAQAR3mYtWsht\nLIQTn8HJA7OVtpPWnAr4e7RWjCPRDVa9e6hT4di5R/ACsvaCGTiJdpXhGSCg+Tej\nIy8jmShfcoQsm4pbQHEGrSZSZXkOcT/GTE3QkijHB1u5cLEmqjQB6R0yKESH63LU\nOmcvb9PYqI4WWKiGqUMwqgJ9BOZ4OkYbxV3AjBoiZNcVY5q2cI5rPNVOSbkXTtmC\n9oB/gGELLZgkQRepwjjdvmPX94OOnFw9zxnvQukmsEWhqprAI42n5zCrO5+igx72\n45/uNrEb836v1MjjctLhS571hNFH43vWh6yTWSEwKucr/HAoKXgwD81GX+37upOC\nC2N0S13V3El5AAAAgBZ1jDiHstMFBETpC9ZzixTKJtVwgW0nELW1Gcw8u+T6fk4V\naAsyvaeX9W5mYkrNGGP7Q6GXoUEHSHl2TBIY+Q+f6R0mWaX8S82jJyaqY4TU++v3\niW4JKeHNhx2h1PQbW6jibfTpTsK6r7S+sED1xExD3N4lCIiC9dx2vZjkiOulAAAA\ngQDmHxOfxv4Ny8D8z6nH/X9XlOiMoha7JgTCjNKFdg+B80bCcb1Kp8GLMxo8s6V4\n86gTVqhHQOuaLEgeeQlQXDi3BFVygD31Rq+royyhVFJr/rzTggPYiBKmigREFsSE\ngm8G0hrpWMt3UWH8iRSY1Wi4pw/4DaryT1hNLOWa9vWhvwAAAIEA/r5NrI7I6kV3\noi3GZX8oUm0hhmUTtI+WYT8bocKexZ6Zluw6/PN9kAep36CuShu7DBZC/C9rdVQT\n29hoe366lHnw4Afr1iZbWYj6XGlX3jNAUd56jhaAEHfU78vHCAQYbCctyLD/cnZJ\nu95JnCwa8zFAyQkTY+PYK3uV2l50tYsAAAAAAQID\n-----END OPENSSH PRIVATE KEY-----\n",
            "private_key_pem": "-----BEGIN RSA PRIVATE KEY-----\nMIIEowIBAAKCAQEA5P3mW44n2DNSmpKkbmdZ4EVb3fRD5+fQDnDZtvjhmwBkGCMS\nRx3Mq/M+06JsD5MKGJRClURpJBVWvaMW9QgXLvDUlrdtyNgaaIMgVWpV4MRvkxIw\nUObO4eKx+fXr+3Nj+xFBL44A/Cg3weC6PhfD3+ZQQpFDRnFKVqvGltBcaRqzAIOS\nism/Awn4soOLFhjsisBBu/mFIAgKXfH8JhdEwkt4cjATizDE2J5xVdMnYtomQGi7\nKLoxVoWlwZdUfPuIfGMZeMh0UwrCyV4fNlY5JD8PKZ10JCeaIV/M5kmodXwXUUW4\nApa4EO/oSjcUJNrwvArj6Z5ccDSmsjwXL0bdtQIDAQABAoIBABHeZi1ayG0shBOf\nwckDs5W2k9acCvh7tFaMI9ENVr17qFPh2LlH8AKy9oIZOIl2leEZIKD5N6MjLyOZ\nKF9yhCybiltAcQatJlJleQ5xP8ZMTdCSKMcHW7lwsSaqNAHpHTIoRIfrctQ6Zy9v\n09iojhZYqIapQzCqAn0E5ng6RhvFXcCMGiJk1xVjmrZwjms81U5JuRdO2YL2gH+A\nYQstmCRBF6nCON2+Y9f3g46cXD3PGe9C6SawRaGqmsAjjafnMKs7n6KDHvbjn+42\nsRvzfq/UyONy0uFLnvWE0Ufje9aHrJNZITAq5yv8cCgpeDAPzUZf7fu6k4ILY3RL\nXdXcSXkCgYEA5h8Tn8b+DcvA/M+px/1/V5TojKIWuyYEwozShXYPgfNGwnG9SqfB\nizMaPLOlePOoE1aoR0DrmixIHnkJUFw4twRVcoA99Uavq6MsoVRSa/6804ID2IgS\npooERBbEhIJvBtIa6VjLd1Fh/IkUmNVouKcP+A2q8k9YTSzlmvb1ob8CgYEA/r5N\nrI7I6kV3oi3GZX8oUm0hhmUTtI+WYT8bocKexZ6Zluw6/PN9kAep36CuShu7DBZC\n/C9rdVQT29hoe366lHnw4Afr1iZbWYj6XGlX3jNAUd56jhaAEHfU78vHCAQYbCct\nyLD/cnZJu95JnCwa8zFAyQkTY+PYK3uV2l50tYsCgYAO8pvSuBlOihqqEU8k93lr\nFfgZEnpJg8mxXXZbRvTw6v2AqeSy0bzHrvUYVk78UU9smidqIXRsWk4A9Lm/J45j\njPuD6YKcyQ+mJX5DqHeGHlDjqEFZslULzlFCnvv644IUvlcTKzpkMLwdrEXTO6GG\nxQtLgI/HF5JTyQPNEheYfwKBgQD07L27shDkhePvTzmYbnizP2/jSp12ljOMzmNf\n1MJY2RNs8zYH7IgGCgg/FbtdT2o4xdKjq2gTB8KMNnbGfeMgTFnW3GbYoEpmPHgS\nj8pGvloSHOkSYfnBW6Wk5PU49M8SdVzkv6DrSWW9NozpldJXjjxuzcYR3YgCzrEW\nooht3wKBgBZ1jDiHstMFBETpC9ZzixTKJtVwgW0nELW1Gcw8u+T6fk4VaAsyvaeX\n9W5mYkrNGGP7Q6GXoUEHSHl2TBIY+Q+f6R0mWaX8S82jJyaqY4TU++v3iW4JKeHN\nhx2h1PQbW6jibfTpTsK6r7S+sED1xExD3N4lCIiC9dx2vZjkiOul\n-----END RSA PRIVATE KEY-----\n",
            "private_key_pem_pkcs8": "-----BEGIN PRIVATE KEY-----\nMIIEvQIBADANBgkqhkiG9w0BAQEFAASCBKcwggSjAgEAAoIBAQDk/eZbjifYM1Ka\nkqRuZ1ngRVvd9EPn59AOcNm2+OGbAGQYIxJHHcyr8z7TomwPkwoYlEKVRGkkFVa9\noxb1CBcu8NSWt23I2BpogyBValXgxG+TEjBQ5s7h4rH59ev7c2P7EUEvjgD8KDfB\n4Lo+F8Pf5lBCkUNGcUpWq8aW0FxpGrMAg5KKyb8DCfiyg4sWGOyKwEG7+YUgCApd\n8fwmF0TCS3hyMBOLMMTYnnFV0ydi2iZAaLsoujFWhaXBl1R8+4h8Yxl4yHRTCsLJ\nXh82VjkkPw8pnXQkJ5ohX8zmSah1fBdRRbgClrgQ7+hKNxQk2vC8CuPpnlxwNKay\nPBcvRt21AgMBAAECggEAEd5mLVrIbSyEE5/ByQOzlbaT1pwK+Hu0Vowj0Q1WvXuo\nU+HYuUfwArL2ghk4iXaV4RkgoPk3oyMvI5koX3KELJuKW0BxBq0mUmV5DnE/xkxN\n0JIoxwdbuXCxJqo0AekdMihEh+ty1DpnL2/T2KiOFliohqlDMKoCfQTmeDpGG8Vd\nwIwaImTXFWOatnCOazzVTkm5F07ZgvaAf4BhCy2YJEEXqcI43b5j1/eDjpxcPc8Z\n70LpJrBFoaqawCONp+cwqzufooMe9uOf7jaxG/N+r9TI43LS4Uue9YTRR+N71oes\nk1khMCrnK/xwKCl4MA/NRl/t+7qTggtjdEtd1dxJeQKBgQDmHxOfxv4Ny8D8z6nH\n/X9XlOiMoha7JgTCjNKFdg+B80bCcb1Kp8GLMxo8s6V486gTVqhHQOuaLEgeeQlQ\nXDi3BFVygD31Rq+royyhVFJr/rzTggPYiBKmigREFsSEgm8G0hrpWMt3UWH8iRSY\n1Wi4pw/4DaryT1hNLOWa9vWhvwKBgQD+vk2sjsjqRXeiLcZlfyhSbSGGZRO0j5Zh\nPxuhwp7FnpmW7Dr8832QB6nfoK5KG7sMFkL8L2t1VBPb2Gh7frqUefDgB+vWJltZ\niPpcaVfeM0BR3nqOFoAQd9Tvy8cIBBhsJy3IsP9ydkm73kmcLBrzMUDJCRNj49gr\ne5XaXnS1iwKBgA7ym9K4GU6KGqoRTyT3eWsV+BkSekmDybFddltG9PDq/YCp5LLR\nvMeu9RhWTvxRT2yaJ2ohdGxaTgD0ub8njmOM+4PpgpzJD6YlfkOod4YeUOOoQVmy\nVQvOUUKe+/rjghS+VxMrOmQwvB2sRdM7oYbFC0uAj8cXklPJA80SF5h/AoGBAPTs\nvbuyEOSF4+9POZhueLM/b+NKnXaWM4zOY1/UwljZE2zzNgfsiAYKCD8Vu11PajjF\n0qOraBMHwow2dsZ94yBMWdbcZtigSmY8eBKPyka+WhIc6RJh+cFbpaTk9Tj0zxJ1\nXOS/oOtJZb02jOmV0leOPG7NxhHdiALOsRaiiG3fAoGAFnWMOIey0wUEROkL1nOL\nFMom1XCBbScQtbUZzDy75Pp+ThVoCzK9p5f1bmZiSs0YY/tDoZehQQdIeXZMEhj5\nD5/pHSZZpfxLzaMnJqpjhNT76/eJbgkp4c2HHaHU9BtbqOJt9OlOwrqvtL6wQPXE\nTEPc3iUIiIL13Ha9mOSI66U=\n-----END PRIVATE KEY-----\n",
            "public_key_fingerprint_md5": "f9:d8:c5:98:05:c7:be:5a:e1:20:e7:ae:93:46:8a:04",
            "public_key_fingerprint_sha256": "SHA256:wEcJMuy5tAIhUCFTKAuBo6eI0+fJ1aLBqXmniGcc1aI",
            "public_key_openssh": "ssh-rsa AAAAB3NzaC1yc2EAAAADAQABAAABAQDk/eZbjifYM1KakqRuZ1ngRVvd9EPn59AOcNm2+OGbAGQYIxJHHcyr8z7TomwPkwoYlEKVRGkkFVa9oxb1CBcu8NSWt23I2BpogyBValXgxG+TEjBQ5s7h4rH59ev7c2P7EUEvjgD8KDfB4Lo+F8Pf5lBCkUNGcUpWq8aW0FxpGrMAg5KKyb8DCfiyg4sWGOyKwEG7+YUgCApd8fwmF0TCS3hyMBOLMMTYnnFV0ydi2iZAaLsoujFWhaXBl1R8+4h8Yxl4yHRTCsLJXh82VjkkPw8pnXQkJ5ohX8zmSah1fBdRRbgClrgQ7+hKNxQk2vC8CuPpnlxwNKayPBcvRt21\n",
            "public_key_pem": "-----BEGIN PUBLIC KEY-----\nMIIBIjANBgkqhkiG9w0BAQEFAAOCAQ8AMIIBCgKCAQEA5P3mW44n2DNSmpKkbmdZ\n4EVb3fRD5+fQDnDZtvjhmwBkGCMSRx3Mq/M+06JsD5MKGJRClURpJBVWvaMW9QgX\nLvDUlrdtyNgaaIMgVWpV4MRvkxIwUObO4eKx+fXr+3Nj+xFBL44A/Cg3weC6PhfD\n3+ZQQpFDRnFKVqvGltBcaRqzAIOSism/Awn4soOLFhjsisBBu/mFIAgKXfH8JhdE\nwkt4cjATizDE2J5xVdMnYtomQGi7KLoxVoWlwZdUfPuIfGMZeMh0UwrCyV4fNlY5\nJD8PKZ10JCeaIV/M5kmodXwXUUW4Apa4EO/oSjcUJNrwvArj6Z5ccDSmsjwXL0bd\ntQIDAQAB\n-----END PUBLIC KEY-----\n",
            "rsa_bits": 2048
          },
          "sensitive_attributes": [
            [
              {
                "type": "get_attr",
                "value": "private_key_openssh"
              }
            ],
            [
              {
                "type": "get_attr",
                "value": "private_key_pem_pkcs8"
              }
            ],
            [
              {
                "type": "get_attr",
                "value": "private_key_pem"
              }
            ]
          ]
        }
      ]
    }
  ],
  "check_results": null
}
